// !$*UTF8*$!
{
	archiveVersion = 1;
	classes = {
	};
	objectVersion = 55;
	objects = {

/* Begin PBXBuildFile section */
		90333B26284463FE00E5CFF8 /* Sundown_WatchApp.swift in Sources */ = {isa = PBXBuildFile; fileRef = 90333B25284463FE00E5CFF8 /* Sundown_WatchApp.swift */; };
		90333B2D2844640000E5CFF8 /* Preview Assets.xcassets in Resources */ = {isa = PBXBuildFile; fileRef = 90333B2C2844640000E5CFF8 /* Preview Assets.xcassets */; };
		90333B392844643A00E5CFF8 /* LandingView.swift in Sources */ = {isa = PBXBuildFile; fileRef = 90333B382844643A00E5CFF8 /* LandingView.swift */; };
		90333B3B2844647B00E5CFF8 /* LandingButtonStyle.swift in Sources */ = {isa = PBXBuildFile; fileRef = 90333B3A2844647B00E5CFF8 /* LandingButtonStyle.swift */; };
		90333B3D2844652F00E5CFF8 /* Assets.xcassets in Resources */ = {isa = PBXBuildFile; fileRef = 90333B3C2844652F00E5CFF8 /* Assets.xcassets */; };
		90333B3F2844710F00E5CFF8 /* Location.swift in Sources */ = {isa = PBXBuildFile; fileRef = 90333B3E2844710E00E5CFF8 /* Location.swift */; };
		90333B412844715700E5CFF8 /* TownModelData.swift in Sources */ = {isa = PBXBuildFile; fileRef = 90333B402844715700E5CFF8 /* TownModelData.swift */; };
		90333B432844716000E5CFF8 /* StateRow.swift in Sources */ = {isa = PBXBuildFile; fileRef = 90333B422844716000E5CFF8 /* StateRow.swift */; };
		90333B452844716E00E5CFF8 /* LocationData.json in Resources */ = {isa = PBXBuildFile; fileRef = 90333B442844716E00E5CFF8 /* LocationData.json */; };
		90333B472844717900E5CFF8 /* StateList.swift in Sources */ = {isa = PBXBuildFile; fileRef = 90333B462844717900E5CFF8 /* StateList.swift */; };
		90333B492844718200E5CFF8 /* MapPageView.swift in Sources */ = {isa = PBXBuildFile; fileRef = 90333B482844718200E5CFF8 /* MapPageView.swift */; };
/* End PBXBuildFile section */

/* Begin PBXFileReference section */
		90333B22284463FE00E5CFF8 /* Sundown_Watch.app */ = {isa = PBXFileReference; explicitFileType = wrapper.application; includeInIndex = 0; path = Sundown_Watch.app; sourceTree = BUILT_PRODUCTS_DIR; };
		90333B25284463FE00E5CFF8 /* Sundown_WatchApp.swift */ = {isa = PBXFileReference; lastKnownFileType = sourcecode.swift; path = Sundown_WatchApp.swift; sourceTree = "<group>"; };
		90333B2C2844640000E5CFF8 /* Preview Assets.xcassets */ = {isa = PBXFileReference; lastKnownFileType = folder.assetcatalog; path = "Preview Assets.xcassets"; sourceTree = "<group>"; };
		90333B382844643A00E5CFF8 /* LandingView.swift */ = {isa = PBXFileReference; fileEncoding = 4; lastKnownFileType = sourcecode.swift; path = LandingView.swift; sourceTree = "<group>"; };
		90333B3A2844647B00E5CFF8 /* LandingButtonStyle.swift */ = {isa = PBXFileReference; fileEncoding = 4; lastKnownFileType = sourcecode.swift; path = LandingButtonStyle.swift; sourceTree = "<group>"; };
		90333B3C2844652F00E5CFF8 /* Assets.xcassets */ = {isa = PBXFileReference; lastKnownFileType = folder.assetcatalog; name = Assets.xcassets; path = /Users/airwreckeye/Desktop/Sundown_Watch/Sundown_Watch/Assets.xcassets; sourceTree = "<absolute>"; };
		90333B3E2844710E00E5CFF8 /* Location.swift */ = {isa = PBXFileReference; fileEncoding = 4; lastKnownFileType = sourcecode.swift; path = Location.swift; sourceTree = "<group>"; };
		90333B402844715700E5CFF8 /* TownModelData.swift */ = {isa = PBXFileReference; fileEncoding = 4; lastKnownFileType = sourcecode.swift; path = TownModelData.swift; sourceTree = "<group>"; };
		90333B422844716000E5CFF8 /* StateRow.swift */ = {isa = PBXFileReference; fileEncoding = 4; lastKnownFileType = sourcecode.swift; path = StateRow.swift; sourceTree = "<group>"; };
		90333B442844716E00E5CFF8 /* LocationData.json */ = {isa = PBXFileReference; fileEncoding = 4; lastKnownFileType = text.json; path = LocationData.json; sourceTree = "<group>"; };
		90333B462844717900E5CFF8 /* StateList.swift */ = {isa = PBXFileReference; fileEncoding = 4; lastKnownFileType = sourcecode.swift; path = StateList.swift; sourceTree = "<group>"; };
		90333B482844718200E5CFF8 /* MapPageView.swift */ = {isa = PBXFileReference; fileEncoding = 4; lastKnownFileType = sourcecode.swift; path = MapPageView.swift; sourceTree = "<group>"; };
		90333B4A2844719600E5CFF8 /* Lovelo-LineLight.otf */ = {isa = PBXFileReference; lastKnownFileType = file; path = "Lovelo-LineLight.otf"; sourceTree = "<group>"; };
		90333B4B2844719700E5CFF8 /* Lovelo-LineBold.otf */ = {isa = PBXFileReference; lastKnownFileType = file; path = "Lovelo-LineBold.otf"; sourceTree = "<group>"; };
		90333B4C2844719700E5CFF8 /* Lovelo-Black.otf */ = {isa = PBXFileReference; lastKnownFileType = file; path = "Lovelo-Black.otf"; sourceTree = "<group>"; };
/* End PBXFileReference section */

/* Begin PBXFrameworksBuildPhase section */
		90333B1F284463FE00E5CFF8 /* Frameworks */ = {
			isa = PBXFrameworksBuildPhase;
			buildActionMask = 2147483647;
			files = (
			);
			runOnlyForDeploymentPostprocessing = 0;
		};
/* End PBXFrameworksBuildPhase section */

/* Begin PBXGroup section */
		90333B19284463FE00E5CFF8 = {
			isa = PBXGroup;
			children = (
				90333B24284463FE00E5CFF8 /* Sundown_Watch */,
				90333B23284463FE00E5CFF8 /* Products */,
			);
			sourceTree = "<group>";
		};
		90333B23284463FE00E5CFF8 /* Products */ = {
			isa = PBXGroup;
			children = (
				90333B22284463FE00E5CFF8 /* Sundown_Watch.app */,
			);
			name = Products;
			sourceTree = "<group>";
		};
		90333B24284463FE00E5CFF8 /* Sundown_Watch */ = {
			isa = PBXGroup;
			children = (
				90333B25284463FE00E5CFF8 /* Sundown_WatchApp.swift */,
				90333B4D284471A500E5CFF8 /* Views */,
				90333B4F284471FE00E5CFF8 /* Resources */,
				90333B4E284471D300E5CFF8 /* Model */,
				90333B2B2844640000E5CFF8 /* Preview Content */,
			);
			path = Sundown_Watch;
			sourceTree = "<group>";
		};
		90333B2B2844640000E5CFF8 /* Preview Content */ = {
			isa = PBXGroup;
			children = (
				90333B2C2844640000E5CFF8 /* Preview Assets.xcassets */,
			);
			path = "Preview Content";
			sourceTree = "<group>";
		};
		90333B4D284471A500E5CFF8 /* Views */ = {
			isa = PBXGroup;
			children = (
				90333B382844643A00E5CFF8 /* LandingView.swift */,
				90333B482844718200E5CFF8 /* MapPageView.swift */,
				90333B462844717900E5CFF8 /* StateList.swift */,
				90333B422844716000E5CFF8 /* StateRow.swift */,
			);
			path = Views;
			sourceTree = "<group>";
		};
		90333B4E284471D300E5CFF8 /* Model */ = {
			isa = PBXGroup;
			children = (
				90333B3E2844710E00E5CFF8 /* Location.swift */,
				90333B402844715700E5CFF8 /* TownModelData.swift */,
			);
			path = Model;
			sourceTree = "<group>";
		};
		90333B4F284471FE00E5CFF8 /* Resources */ = {
			isa = PBXGroup;
			children = (
				90333B3C2844652F00E5CFF8 /* Assets.xcassets */,
				90333B3A2844647B00E5CFF8 /* LandingButtonStyle.swift */,
				90333B442844716E00E5CFF8 /* LocationData.json */,
				90333B4C2844719700E5CFF8 /* Lovelo-Black.otf */,
				90333B4B2844719700E5CFF8 /* Lovelo-LineBold.otf */,
				90333B4A2844719600E5CFF8 /* Lovelo-LineLight.otf */,
			);
			path = Resources;
			sourceTree = "<group>";
		};
/* End PBXGroup section */

/* Begin PBXNativeTarget section */
		90333B21284463FE00E5CFF8 /* Sundown_Watch */ = {
			isa = PBXNativeTarget;
			buildConfigurationList = 90333B302844640000E5CFF8 /* Build configuration list for PBXNativeTarget "Sundown_Watch" */;
			buildPhases = (
				90333B1E284463FE00E5CFF8 /* Sources */,
				90333B1F284463FE00E5CFF8 /* Frameworks */,
				90333B20284463FE00E5CFF8 /* Resources */,
			);
			buildRules = (
			);
			dependencies = (
			);
			name = Sundown_Watch;
			productName = Sundown_Watch;
			productReference = 90333B22284463FE00E5CFF8 /* Sundown_Watch.app */;
			productType = "com.apple.product-type.application";
		};
/* End PBXNativeTarget section */

/* Begin PBXProject section */
		90333B1A284463FE00E5CFF8 /* Project object */ = {
			isa = PBXProject;
			attributes = {
				BuildIndependentTargetsInParallel = 1;
				LastSwiftUpdateCheck = 1330;
				LastUpgradeCheck = 1330;
				TargetAttributes = {
					90333B21284463FE00E5CFF8 = {
						CreatedOnToolsVersion = 13.3;
					};
				};
			};
			buildConfigurationList = 90333B1D284463FE00E5CFF8 /* Build configuration list for PBXProject "Sundown_Watch" */;
			compatibilityVersion = "Xcode 13.0";
			developmentRegion = en;
			hasScannedForEncodings = 0;
			knownRegions = (
				en,
				Base,
			);
			mainGroup = 90333B19284463FE00E5CFF8;
			productRefGroup = 90333B23284463FE00E5CFF8 /* Products */;
			projectDirPath = "";
			projectRoot = "";
			targets = (
				90333B21284463FE00E5CFF8 /* Sundown_Watch */,
			);
		};
/* End PBXProject section */

/* Begin PBXResourcesBuildPhase section */
		90333B20284463FE00E5CFF8 /* Resources */ = {
			isa = PBXResourcesBuildPhase;
			buildActionMask = 2147483647;
			files = (
				90333B3D2844652F00E5CFF8 /* Assets.xcassets in Resources */,
				90333B452844716E00E5CFF8 /* LocationData.json in Resources */,
				90333B2D2844640000E5CFF8 /* Preview Assets.xcassets in Resources */,
			);
			runOnlyForDeploymentPostprocessing = 0;
		};
/* End PBXResourcesBuildPhase section */

/* Begin PBXSourcesBuildPhase section */
		90333B1E284463FE00E5CFF8 /* Sources */ = {
			isa = PBXSourcesBuildPhase;
			buildActionMask = 2147483647;
			files = (
				90333B392844643A00E5CFF8 /* LandingView.swift in Sources */,
				90333B26284463FE00E5CFF8 /* Sundown_WatchApp.swift in Sources */,
				90333B492844718200E5CFF8 /* MapPageView.swift in Sources */,
				90333B412844715700E5CFF8 /* TownModelData.swift in Sources */,
				90333B3F2844710F00E5CFF8 /* Location.swift in Sources */,
				90333B432844716000E5CFF8 /* StateRow.swift in Sources */,
				90333B472844717900E5CFF8 /* StateList.swift in Sources */,
				90333B3B2844647B00E5CFF8 /* LandingButtonStyle.swift in Sources */,
			);
			runOnlyForDeploymentPostprocessing = 0;
		};
/* End PBXSourcesBuildPhase section */

/* Begin XCBuildConfiguration section */
		90333B2E2844640000E5CFF8 /* Debug */ = {
			isa = XCBuildConfiguration;
			buildSettings = {
				ALWAYS_SEARCH_USER_PATHS = NO;
				CLANG_ANALYZER_NONNULL = YES;
				CLANG_ANALYZER_NUMBER_OBJECT_CONVERSION = YES_AGGRESSIVE;
				CLANG_CXX_LANGUAGE_STANDARD = "gnu++17";
				CLANG_ENABLE_MODULES = YES;
				CLANG_ENABLE_OBJC_ARC = YES;
				CLANG_ENABLE_OBJC_WEAK = YES;
				CLANG_WARN_BLOCK_CAPTURE_AUTORELEASING = YES;
				CLANG_WARN_BOOL_CONVERSION = YES;
				CLANG_WARN_COMMA = YES;
				CLANG_WARN_CONSTANT_CONVERSION = YES;
				CLANG_WARN_DEPRECATED_OBJC_IMPLEMENTATIONS = YES;
				CLANG_WARN_DIRECT_OBJC_ISA_USAGE = YES_ERROR;
				CLANG_WARN_DOCUMENTATION_COMMENTS = YES;
				CLANG_WARN_EMPTY_BODY = YES;
				CLANG_WARN_ENUM_CONVERSION = YES;
				CLANG_WARN_INFINITE_RECURSION = YES;
				CLANG_WARN_INT_CONVERSION = YES;
				CLANG_WARN_NON_LITERAL_NULL_CONVERSION = YES;
				CLANG_WARN_OBJC_IMPLICIT_RETAIN_SELF = YES;
				CLANG_WARN_OBJC_LITERAL_CONVERSION = YES;
				CLANG_WARN_OBJC_ROOT_CLASS = YES_ERROR;
				CLANG_WARN_QUOTED_INCLUDE_IN_FRAMEWORK_HEADER = YES;
				CLANG_WARN_RANGE_LOOP_ANALYSIS = YES;
				CLANG_WARN_STRICT_PROTOTYPES = YES;
				CLANG_WARN_SUSPICIOUS_MOVE = YES;
				CLANG_WARN_UNGUARDED_AVAILABILITY = YES_AGGRESSIVE;
				CLANG_WARN_UNREACHABLE_CODE = YES;
				CLANG_WARN__DUPLICATE_METHOD_MATCH = YES;
				COPY_PHASE_STRIP = NO;
				DEBUG_INFORMATION_FORMAT = dwarf;
				ENABLE_STRICT_OBJC_MSGSEND = YES;
				ENABLE_TESTABILITY = YES;
				GCC_C_LANGUAGE_STANDARD = gnu11;
				GCC_DYNAMIC_NO_PIC = NO;
				GCC_NO_COMMON_BLOCKS = YES;
				GCC_OPTIMIZATION_LEVEL = 0;
				GCC_PREPROCESSOR_DEFINITIONS = (
					"DEBUG=1",
					"$(inherited)",
				);
				GCC_WARN_64_TO_32_BIT_CONVERSION = YES;
				GCC_WARN_ABOUT_RETURN_TYPE = YES_ERROR;
				GCC_WARN_UNDECLARED_SELECTOR = YES;
				GCC_WARN_UNINITIALIZED_AUTOS = YES_AGGRESSIVE;
				GCC_WARN_UNUSED_FUNCTION = YES;
				GCC_WARN_UNUSED_VARIABLE = YES;
				IPHONEOS_DEPLOYMENT_TARGET = 15.4;
				MTL_ENABLE_DEBUG_INFO = INCLUDE_SOURCE;
				MTL_FAST_MATH = YES;
				ONLY_ACTIVE_ARCH = YES;
				SDKROOT = iphoneos;
				SWIFT_ACTIVE_COMPILATION_CONDITIONS = DEBUG;
				SWIFT_OPTIMIZATION_LEVEL = "-Onone";
			};
			name = Debug;
		};
		90333B2F2844640000E5CFF8 /* Release */ = {
			isa = XCBuildConfiguration;
			buildSettings = {
				ALWAYS_SEARCH_USER_PATHS = NO;
				CLANG_ANALYZER_NONNULL = YES;
				CLANG_ANALYZER_NUMBER_OBJECT_CONVERSION = YES_AGGRESSIVE;
				CLANG_CXX_LANGUAGE_STANDARD = "gnu++17";
				CLANG_ENABLE_MODULES = YES;
				CLANG_ENABLE_OBJC_ARC = YES;
				CLANG_ENABLE_OBJC_WEAK = YES;
				CLANG_WARN_BLOCK_CAPTURE_AUTORELEASING = YES;
				CLANG_WARN_BOOL_CONVERSION = YES;
				CLANG_WARN_COMMA = YES;
				CLANG_WARN_CONSTANT_CONVERSION = YES;
				CLANG_WARN_DEPRECATED_OBJC_IMPLEMENTATIONS = YES;
				CLANG_WARN_DIRECT_OBJC_ISA_USAGE = YES_ERROR;
				CLANG_WARN_DOCUMENTATION_COMMENTS = YES;
				CLANG_WARN_EMPTY_BODY = YES;
				CLANG_WARN_ENUM_CONVERSION = YES;
				CLANG_WARN_INFINITE_RECURSION = YES;
				CLANG_WARN_INT_CONVERSION = YES;
				CLANG_WARN_NON_LITERAL_NULL_CONVERSION = YES;
				CLANG_WARN_OBJC_IMPLICIT_RETAIN_SELF = YES;
				CLANG_WARN_OBJC_LITERAL_CONVERSION = YES;
				CLANG_WARN_OBJC_ROOT_CLASS = YES_ERROR;
				CLANG_WARN_QUOTED_INCLUDE_IN_FRAMEWORK_HEADER = YES;
				CLANG_WARN_RANGE_LOOP_ANALYSIS = YES;
				CLANG_WARN_STRICT_PROTOTYPES = YES;
				CLANG_WARN_SUSPICIOUS_MOVE = YES;
				CLANG_WARN_UNGUARDED_AVAILABILITY = YES_AGGRESSIVE;
				CLANG_WARN_UNREACHABLE_CODE = YES;
				CLANG_WARN__DUPLICATE_METHOD_MATCH = YES;
				COPY_PHASE_STRIP = NO;
				DEBUG_INFORMATION_FORMAT = "dwarf-with-dsym";
				ENABLE_NS_ASSERTIONS = NO;
				ENABLE_STRICT_OBJC_MSGSEND = YES;
				GCC_C_LANGUAGE_STANDARD = gnu11;
				GCC_NO_COMMON_BLOCKS = YES;
				GCC_WARN_64_TO_32_BIT_CONVERSION = YES;
				GCC_WARN_ABOUT_RETURN_TYPE = YES_ERROR;
				GCC_WARN_UNDECLARED_SELECTOR = YES;
				GCC_WARN_UNINITIALIZED_AUTOS = YES_AGGRESSIVE;
				GCC_WARN_UNUSED_FUNCTION = YES;
				GCC_WARN_UNUSED_VARIABLE = YES;
				IPHONEOS_DEPLOYMENT_TARGET = 15.4;
				MTL_ENABLE_DEBUG_INFO = NO;
				MTL_FAST_MATH = YES;
				SDKROOT = iphoneos;
				SWIFT_COMPILATION_MODE = wholemodule;
				SWIFT_OPTIMIZATION_LEVEL = "-O";
				VALIDATE_PRODUCT = YES;
			};
			name = Release;
		};
		90333B312844640000E5CFF8 /* Debug */ = {
			isa = XCBuildConfiguration;
			buildSettings = {
				ASSETCATALOG_COMPILER_APPICON_NAME = AppIcon;
				ASSETCATALOG_COMPILER_GLOBAL_ACCENT_COLOR_NAME = AccentColor;
				CODE_SIGN_STYLE = Automatic;
				CURRENT_PROJECT_VERSION = 1;
				DEVELOPMENT_ASSET_PATHS = "\"Sundown_Watch/Preview Content\"";
				DEVELOPMENT_TEAM = 8N67VJP5U3;
				ENABLE_PREVIEWS = YES;
				GENERATE_INFOPLIST_FILE = YES;
				INFOPLIST_KEY_UIApplicationSceneManifest_Generation = YES;
				INFOPLIST_KEY_UIApplicationSupportsIndirectInputEvents = YES;
				INFOPLIST_KEY_UILaunchScreen_Generation = YES;
				INFOPLIST_KEY_UISupportedInterfaceOrientations = UIInterfaceOrientationPortrait;
				INFOPLIST_KEY_UISupportedInterfaceOrientations_iPad = "UIInterfaceOrientationPortrait UIInterfaceOrientationPortraitUpsideDown UIInterfaceOrientationLandscapeLeft UIInterfaceOrientationLandscapeRight";
				INFOPLIST_KEY_UISupportedInterfaceOrientations_iPhone = "UIInterfaceOrientationPortrait UIInterfaceOrientationLandscapeLeft UIInterfaceOrientationLandscapeRight";
				LD_RUNPATH_SEARCH_PATHS = (
					"$(inherited)",
					"@executable_path/Frameworks",
				);
				MARKETING_VERSION = 1.0;
				PRODUCT_BUNDLE_IDENTIFIER = "sdw.Sundown-Watch";
				PRODUCT_NAME = "$(TARGET_NAME)";
				SWIFT_EMIT_LOC_STRINGS = YES;
				SWIFT_VERSION = 5.0;
				TARGETED_DEVICE_FAMILY = 1;
			};
			name = Debug;
		};
		90333B322844640000E5CFF8 /* Release */ = {
			isa = XCBuildConfiguration;
			buildSettings = {
				ASSETCATALOG_COMPILER_APPICON_NAME = AppIcon;
				ASSETCATALOG_COMPILER_GLOBAL_ACCENT_COLOR_NAME = AccentColor;
				CODE_SIGN_STYLE = Automatic;
				CURRENT_PROJECT_VERSION = 1;
				DEVELOPMENT_ASSET_PATHS = "\"Sundown_Watch/Preview Content\"";
				DEVELOPMENT_TEAM = 8N67VJP5U3;
				ENABLE_PREVIEWS = YES;
				GENERATE_INFOPLIST_FILE = YES;
				INFOPLIST_KEY_UIApplicationSceneManifest_Generation = YES;
				INFOPLIST_KEY_UIApplicationSupportsIndirectInputEvents = YES;
				INFOPLIST_KEY_UILaunchScreen_Generation = YES;
				INFOPLIST_KEY_UISupportedInterfaceOrientations = UIInterfaceOrientationPortrait;
				INFOPLIST_KEY_UISupportedInterfaceOrientations_iPad = "UIInterfaceOrientationPortrait UIInterfaceOrientationPortraitUpsideDown UIInterfaceOrientationLandscapeLeft UIInterfaceOrientationLandscapeRight";
				INFOPLIST_KEY_UISupportedInterfaceOrientations_iPhone = "UIInterfaceOrientationPortrait UIInterfaceOrientationLandscapeLeft UIInterfaceOrientationLandscapeRight";
				LD_RUNPATH_SEARCH_PATHS = (
					"$(inherited)",
					"@executable_path/Frameworks",
				);
				MARKETING_VERSION = 1.0;
				PRODUCT_BUNDLE_IDENTIFIER = "sdw.Sundown-Watch";
				PRODUCT_NAME = "$(TARGET_NAME)";
				SWIFT_EMIT_LOC_STRINGS = YES;
				SWIFT_VERSION = 5.0;
				TARGETED_DEVICE_FAMILY = 1;
			};
			name = Release;
		};
/* End XCBuildConfiguration section */

/* Begin XCConfigurationList section */
		90333B1D284463FE00E5CFF8 /* Build configuration list for PBXProject "Sundown_Watch" */ = {
			isa = XCConfigurationList;
			buildConfigurations = (
				90333B2E2844640000E5CFF8 /* Debug */,
				90333B2F2844640000E5CFF8 /* Release */,
			);
			defaultConfigurationIsVisible = 0;
			defaultConfigurationName = Release;
		};
		90333B302844640000E5CFF8 /* Build configuration list for PBXNativeTarget "Sundown_Watch" */ = {
			isa = XCConfigurationList;
			buildConfigurations = (
				90333B312844640000E5CFF8 /* Debug */,
				90333B322844640000E5CFF8 /* Release */,
			);
			defaultConfigurationIsVisible = 0;
			defaultConfigurationName = Release;
		};
/* End XCConfigurationList section */
	};
	rootObject = 90333B1A284463FE00E5CFF8 /* Project object */;
}
